// !$*UTF8*$!
{
	archiveVersion = 1;
	classes = {
	};
	objectVersion = 46;
	objects = {
/* Begin PBXBuildFile section */
		0207DA581B56EA530066E2B4 /* Images.xcassets in Resources */ = {isa = PBXBuildFile; fileRef = 0207DA571B56EA530066E2B4 /* Images.xcassets */; };
		0A441EF41646474A9DDFA02B /* CoreMedia.framework in Frameworks */ = {isa = PBXBuildFile; fileRef = 7DCE62ABFB1C44E39743E9A7 /* CoreMedia.framework */; };
		11DA63F1AC644921B6D83A1E /* CDVLogger.m in Sources */ = {isa = PBXBuildFile; fileRef = E3691438512E4719854A7828 /* CDVLogger.m */; };
		16A830DFCC6249AC9685178A /* PluginGetUserMedia.swift in Sources */ = {isa = PBXBuildFile; fileRef = B0BD92E0B5AB43C2B4A23AFB /* PluginGetUserMedia.swift */; };
		188311F6E80C475289FB9F53 /* QuartzCore.framework in Frameworks */ = {isa = PBXBuildFile; fileRef = 2605104D47E64C909639D120 /* QuartzCore.framework */; };
		1A2590E695674BEEB1631BB9 /* OpenGLES.framework in Frameworks */ = {isa = PBXBuildFile; fileRef = 3B25C1723F7B4011A811D2EB /* OpenGLES.framework */; };
		1ABB75B0BCB54A26BA3193FD /* libstdc++.dylib in Frameworks */ = {isa = PBXBuildFile; fileRef = 7C3D2BC8969E4C498B27BB88 /* libstdc++.dylib */; };
		1CB8B61DDDF44DE08FF497F0 /* iosrtcPlugin.swift in Sources */ = {isa = PBXBuildFile; fileRef = B63319800F0347E7824799B3 /* iosrtcPlugin.swift */; };
		1D3623260D0F684500981E51 /* AppDelegate.m in Sources */ = {isa = PBXBuildFile; fileRef = 1D3623250D0F684500981E51 /* AppDelegate.m */; };
		1D60589B0D05DD56006BFB54 /* main.m in Sources */ = {isa = PBXBuildFile; fileRef = 29B97316FDCFA39411CA2CEA /* main.m */; };
		201958A0F3B845EF95662DBB /* PluginEnumerateDevices.swift in Sources */ = {isa = PBXBuildFile; fileRef = 3C46929C1AAD4C49820CFD27 /* PluginEnumerateDevices.swift */; };
		23F4ECC2EA034B23B1B81608 /* libsqlite3.0.dylib in Frameworks */ = {isa = PBXBuildFile; fileRef = 54487BA5E6BD4549AACCCF9E /* libsqlite3.0.dylib */; };
		2AD44318FF2844D3BEAD4830 /* PluginRTCPeerConnectionConstraints.swift in Sources */ = {isa = PBXBuildFile; fileRef = 87CD56EF470C4977BD05168F /* PluginRTCPeerConnectionConstraints.swift */; };
		301BF552109A68D80062928A /* libCordova.a in Frameworks */ = {isa = PBXBuildFile; fileRef = 301BF535109A57CC0062928A /* libCordova.a */; };
		302D95F114D2391D003F00A1 /* MainViewController.m in Sources */ = {isa = PBXBuildFile; fileRef = 302D95EF14D2391D003F00A1 /* MainViewController.m */; };
		302D95F214D2391D003F00A1 /* MainViewController.xib in Resources */ = {isa = PBXBuildFile; fileRef = 302D95F014D2391D003F00A1 /* MainViewController.xib */; };
		3182B0D99E8E4496AC5C6175 /* PluginMediaStreamRenderer.swift in Sources */ = {isa = PBXBuildFile; fileRef = 860B7113D9104C08BB4C871F /* PluginMediaStreamRenderer.swift */; };
		351331ED70AE40B0BDF643CF /* CoreAudio.framework in Frameworks */ = {isa = PBXBuildFile; fileRef = 982DD03C79E343F1A5B16695 /* CoreAudio.framework */; };
		3CAE1B42CF0E4970AA1A536A /* CDVDevice.m in Sources */ = {isa = PBXBuildFile; fileRef = 8654B1EA988D4ECBB9174F80 /* CDVDevice.m */; };
		525C3655374342A293FFDD17 /* PluginMediaStreamTrack.swift in Sources */ = {isa = PBXBuildFile; fileRef = 66D0DA953DF14CBC9F1337B5 /* PluginMediaStreamTrack.swift */; };
		689598B0220343279A168817 /* libc++.dylib in Frameworks */ = {isa = PBXBuildFile; fileRef = 21AE59F84B2E414EBE248679 /* libc++.dylib */; };
		6AFF5BF91D6E424B00AB3073 /* CDVLaunchScreen.storyboard in Resources */ = {isa = PBXBuildFile; fileRef = 6AFF5BF81D6E424B00AB3073 /* CDVLaunchScreen.storyboard */; };
		6B34C4CFD7A84670900D0659 /* libWebRTC-LATEST-Universal-Release.a in Frameworks */ = {isa = PBXBuildFile; fileRef = 0CFAE76502DE4267B6C6E747 /* libWebRTC-LATEST-Universal-Release.a */; };
		729DC82061DD42A8921A17D0 /* AVFoundation.framework in Frameworks */ = {isa = PBXBuildFile; fileRef = DD8156684A694707826ECC20 /* AVFoundation.framework */; };
		72B02677E29340FA91EC7F50 /* PluginRTCPeerConnection.swift in Sources */ = {isa = PBXBuildFile; fileRef = 84410E15ABE144899904D08B /* PluginRTCPeerConnection.swift */; };
		86CB7B2A92D64E9AA5A352A3 /* PluginRTCDataChannel.swift in Sources */ = {isa = PBXBuildFile; fileRef = 7F194840006341139537FF70 /* PluginRTCDataChannel.swift */; };
		8AF29B0FB34B478FA4EA52E6 /* PluginMediaStream.swift in Sources */ = {isa = PBXBuildFile; fileRef = 886231EE06564B1EA91AF381 /* PluginMediaStream.swift */; };
		8E1C5816E6DD40F4A499494C /* CoreLocation.framework in Frameworks */ = {isa = PBXBuildFile; fileRef = 29FAD79B93124D27897D181B /* CoreLocation.framework */; };
		9520727F618E4219A78AEB18 /* PluginRTCDTMFSender.swift in Sources */ = {isa = PBXBuildFile; fileRef = 1583BF91DFF84A679CF603B0 /* PluginRTCDTMFSender.swift */; };
		AA19BE82AC864C909BE010FE /* PluginRTCTypes.swift in Sources */ = {isa = PBXBuildFile; fileRef = D7CC1309B349469393E253D0 /* PluginRTCTypes.swift */; };
		B538A9D8DD924A24AD2EA1B5 /* AudioToolbox.framework in Frameworks */ = {isa = PBXBuildFile; fileRef = DBDB3B3971834140805C9D57 /* AudioToolbox.framework */; };
		D14D40150A93491AA4123B0A /* PluginUtils.swift in Sources */ = {isa = PBXBuildFile; fileRef = 36396F982E184B4D989D15DE /* PluginUtils.swift */; };
		D84F0AF0372D4B69B08AE70B /* CoreVideo.framework in Frameworks */ = {isa = PBXBuildFile; fileRef = BDB96E4F892E48B48FA13686 /* CoreVideo.framework */; };
		EB0C6AA053F84C8593329F4D /* PluginRTCPeerConnectionConfig.swift in Sources */ = {isa = PBXBuildFile; fileRef = D7F5D7BDC29041D9931EDE62 /* PluginRTCPeerConnectionConfig.swift */; };
		EB4E1B7DA7C94A1D84CBCF32 /* GLKit.framework in Frameworks */ = {isa = PBXBuildFile; fileRef = 9D19C551274A4BC499C34C29 /* GLKit.framework */; };
		F41312428CEB4A6A8CF58A9B /* VideoToolbox.framework in Frameworks */ = {isa = PBXBuildFile; fileRef = 1D2ED777862445ECB7AB5709 /* VideoToolbox.framework */; };
/* End PBXBuildFile section */

/* Begin PBXContainerItemProxy section */
		301BF534109A57CC0062928A /* PBXContainerItemProxy */ = {
			isa = PBXContainerItemProxy;
			containerPortal = 301BF52D109A57CC0062928A /* CordovaLib.xcodeproj */;
			proxyType = 2;
			remoteGlobalIDString = D2AAC07E0554694100DB518D;
			remoteInfo = CordovaLib;
		};
		301BF550109A68C00062928A /* PBXContainerItemProxy */ = {
			isa = PBXContainerItemProxy;
			containerPortal = 301BF52D109A57CC0062928A /* CordovaLib.xcodeproj */;
			proxyType = 1;
			remoteGlobalIDString = D2AAC07D0554694100DB518D;
			remoteInfo = CordovaLib;
		};
/* End PBXContainerItemProxy section */

/* Begin PBXFileReference section */
		0207DA571B56EA530066E2B4 /* Images.xcassets */ = {isa = PBXFileReference; lastKnownFileType = folder.assetcatalog; name = Images.xcassets; path = "QB Video Chat/Images.xcassets"; sourceTree = SOURCE_ROOT; };
		02951B9C672442719A2E308C /* RTCMediaConstraints.h */ = {isa = PBXFileReference; explicitFileType = undefined; fileEncoding = 4; includeInIndex = 0; lastKnownFileType = sourcecode.c.h; name = RTCMediaConstraints.h; path = "cordova-plugin-iosrtc/RTCMediaConstraints.h"; sourceTree = "<group>"; };
		061EF7E6B6C040B38510ACFE /* RTCVideoTrack.h */ = {isa = PBXFileReference; explicitFileType = undefined; fileEncoding = 4; includeInIndex = 0; lastKnownFileType = sourcecode.c.h; name = RTCVideoTrack.h; path = "cordova-plugin-iosrtc/RTCVideoTrack.h"; sourceTree = "<group>"; };
		065F1F4B870F4CE78F016B4A /* RTCSessionDescription.h */ = {isa = PBXFileReference; explicitFileType = undefined; fileEncoding = 4; includeInIndex = 0; lastKnownFileType = sourcecode.c.h; name = RTCSessionDescription.h; path = "cordova-plugin-iosrtc/RTCSessionDescription.h"; sourceTree = "<group>"; };
		0CFAE76502DE4267B6C6E747 /* libWebRTC-LATEST-Universal-Release.a */ = {isa = PBXFileReference; explicitFileType = undefined; fileEncoding = 9; includeInIndex = 0; lastKnownFileType = archive.ar; name = "libWebRTC-LATEST-Universal-Release.a"; path = "QB Video Chat/Plugins/cordova-plugin-iosrtc/libWebRTC-LATEST-Universal-Release.a"; sourceTree = "<group>"; };
		0F3BDAD742564C27860D9883 /* RTCSessionDescriptionDelegate.h */ = {isa = PBXFileReference; explicitFileType = undefined; fileEncoding = 4; includeInIndex = 0; lastKnownFileType = sourcecode.c.h; name = RTCSessionDescriptionDelegate.h; path = "cordova-plugin-iosrtc/RTCSessionDescriptionDelegate.h"; sourceTree = "<group>"; };
		1583BF91DFF84A679CF603B0 /* PluginRTCDTMFSender.swift */ = {isa = PBXFileReference; explicitFileType = undefined; fileEncoding = 4; includeInIndex = 0; lastKnownFileType = sourcecode.swift; name = PluginRTCDTMFSender.swift; path = "cordova-plugin-iosrtc/PluginRTCDTMFSender.swift"; sourceTree = "<group>"; };
		1D1F134282B24BB78FD9B48B /* RTCAudioSource.h */ = {isa = PBXFileReference; explicitFileType = undefined; fileEncoding = 4; includeInIndex = 0; lastKnownFileType = sourcecode.c.h; name = RTCAudioSource.h; path = "cordova-plugin-iosrtc/RTCAudioSource.h"; sourceTree = "<group>"; };
		1D2ED777862445ECB7AB5709 /* VideoToolbox.framework */ = {isa = PBXFileReference; explicitFileType = undefined; fileEncoding = 9; includeInIndex = 0; lastKnownFileType = wrapper.framework; name = VideoToolbox.framework; path = System/Library/Frameworks/VideoToolbox.framework; sourceTree = SDKROOT; };
		1D3623240D0F684500981E51 /* AppDelegate.h */ = {isa = PBXFileReference; fileEncoding = 4; lastKnownFileType = sourcecode.c.h; path = AppDelegate.h; sourceTree = "<group>"; };
		1D3623250D0F684500981E51 /* AppDelegate.m */ = {isa = PBXFileReference; fileEncoding = 4; lastKnownFileType = sourcecode.c.objc; path = AppDelegate.m; sourceTree = "<group>"; };
		1D6058910D05DD3D006BFB54 /* QB Video Chat.app */ = {isa = PBXFileReference; explicitFileType = wrapper.application; includeInIndex = 0; path = "QB Video Chat.app"; sourceTree = BUILT_PRODUCTS_DIR; };
		1FF7125102194CE496354280 /* RTCNSGLVideoView.h */ = {isa = PBXFileReference; explicitFileType = undefined; fileEncoding = 4; includeInIndex = 0; lastKnownFileType = sourcecode.c.h; name = RTCNSGLVideoView.h; path = "cordova-plugin-iosrtc/RTCNSGLVideoView.h"; sourceTree = "<group>"; };
		21AE59F84B2E414EBE248679 /* libc++.dylib */ = {isa = PBXFileReference; explicitFileType = undefined; fileEncoding = 9; includeInIndex = 0; lastKnownFileType = "compiled.mach-o.dylib"; name = "libc++.dylib"; path = "usr/lib/libc++.dylib"; sourceTree = SDKROOT; };
		2605104D47E64C909639D120 /* QuartzCore.framework */ = {isa = PBXFileReference; explicitFileType = undefined; fileEncoding = 9; includeInIndex = 0; lastKnownFileType = wrapper.framework; name = QuartzCore.framework; path = System/Library/Frameworks/QuartzCore.framework; sourceTree = SDKROOT; };
		29B97316FDCFA39411CA2CEA /* main.m */ = {isa = PBXFileReference; fileEncoding = 4; lastKnownFileType = sourcecode.c.objc; path = main.m; sourceTree = "<group>"; };
		29FAD79B93124D27897D181B /* CoreLocation.framework */ = {isa = PBXFileReference; explicitFileType = undefined; fileEncoding = 9; includeInIndex = 0; lastKnownFileType = wrapper.framework; name = CoreLocation.framework; path = System/Library/Frameworks/CoreLocation.framework; sourceTree = SDKROOT; };
		2A5390C64C544E4E84DADD1C /* RTCICECandidate.h */ = {isa = PBXFileReference; explicitFileType = undefined; fileEncoding = 4; includeInIndex = 0; lastKnownFileType = sourcecode.c.h; name = RTCICECandidate.h; path = "cordova-plugin-iosrtc/RTCICECandidate.h"; sourceTree = "<group>"; };
		301BF52D109A57CC0062928A /* CordovaLib.xcodeproj */ = {isa = PBXFileReference; lastKnownFileType = "wrapper.pb-project"; name = CordovaLib.xcodeproj; path = CordovaLib/CordovaLib.xcodeproj; sourceTree = "<group>"; };
		301BF56E109A69640062928A /* www */ = {isa = PBXFileReference; lastKnownFileType = folder; path = www; sourceTree = SOURCE_ROOT; };
		302D95EE14D2391D003F00A1 /* MainViewController.h */ = {isa = PBXFileReference; fileEncoding = 4; lastKnownFileType = sourcecode.c.h; path = MainViewController.h; sourceTree = "<group>"; };
		302D95EF14D2391D003F00A1 /* MainViewController.m */ = {isa = PBXFileReference; fileEncoding = 4; lastKnownFileType = sourcecode.c.objc; path = MainViewController.m; sourceTree = "<group>"; };
		302D95F014D2391D003F00A1 /* MainViewController.xib */ = {isa = PBXFileReference; fileEncoding = 4; lastKnownFileType = file.xib; path = MainViewController.xib; sourceTree = "<group>"; };
		3047A50F1AB8059700498E2A /* build-debug.xcconfig */ = {isa = PBXFileReference; fileEncoding = 4; lastKnownFileType = text.xcconfig; name = "build-debug.xcconfig"; path = "cordova/build-debug.xcconfig"; sourceTree = SOURCE_ROOT; };
		3047A5101AB8059700498E2A /* build-release.xcconfig */ = {isa = PBXFileReference; fileEncoding = 4; lastKnownFileType = text.xcconfig; name = "build-release.xcconfig"; path = "cordova/build-release.xcconfig"; sourceTree = SOURCE_ROOT; };
		3047A5111AB8059700498E2A /* build.xcconfig */ = {isa = PBXFileReference; fileEncoding = 4; lastKnownFileType = text.xcconfig; name = build.xcconfig; path = cordova/build.xcconfig; sourceTree = SOURCE_ROOT; };
		318889B87D6447FCBF1A1E87 /* RTCStatsDelegate.h */ = {isa = PBXFileReference; explicitFileType = undefined; fileEncoding = 4; includeInIndex = 0; lastKnownFileType = sourcecode.c.h; name = RTCStatsDelegate.h; path = "cordova-plugin-iosrtc/RTCStatsDelegate.h"; sourceTree = "<group>"; };
		32CA4F630368D1EE00C91783 /* QB Video Chat-Prefix.pch */ = {isa = PBXFileReference; fileEncoding = 4; lastKnownFileType = sourcecode.c.h; path = "QB Video Chat-Prefix.pch"; sourceTree = "<group>"; };
		36396F982E184B4D989D15DE /* PluginUtils.swift */ = {isa = PBXFileReference; explicitFileType = undefined; fileEncoding = 4; includeInIndex = 0; lastKnownFileType = sourcecode.swift; name = PluginUtils.swift; path = "cordova-plugin-iosrtc/PluginUtils.swift"; sourceTree = "<group>"; };
		3B25C1723F7B4011A811D2EB /* OpenGLES.framework */ = {isa = PBXFileReference; explicitFileType = undefined; fileEncoding = 9; includeInIndex = 0; lastKnownFileType = wrapper.framework; name = OpenGLES.framework; path = System/Library/Frameworks/OpenGLES.framework; sourceTree = SDKROOT; };
		3C46929C1AAD4C49820CFD27 /* PluginEnumerateDevices.swift */ = {isa = PBXFileReference; explicitFileType = undefined; fileEncoding = 4; includeInIndex = 0; lastKnownFileType = sourcecode.swift; name = PluginEnumerateDevices.swift; path = "cordova-plugin-iosrtc/PluginEnumerateDevices.swift"; sourceTree = "<group>"; };
		4034E4B737354C4DBB6CB53E /* RTCFileLogger.h */ = {isa = PBXFileReference; explicitFileType = undefined; fileEncoding = 4; includeInIndex = 0; lastKnownFileType = sourcecode.c.h; name = RTCFileLogger.h; path = "cordova-plugin-iosrtc/RTCFileLogger.h"; sourceTree = "<group>"; };
		419206C80A8A41D58D81B504 /* RTCPair.h */ = {isa = PBXFileReference; explicitFileType = undefined; fileEncoding = 4; includeInIndex = 0; lastKnownFileType = sourcecode.c.h; name = RTCPair.h; path = "cordova-plugin-iosrtc/RTCPair.h"; sourceTree = "<group>"; };
		432FD3C61AD9432DA760FC62 /* RTCStatsReport.h */ = {isa = PBXFileReference; explicitFileType = undefined; fileEncoding = 4; includeInIndex = 0; lastKnownFileType = sourcecode.c.h; name = RTCStatsReport.h; path = "cordova-plugin-iosrtc/RTCStatsReport.h"; sourceTree = "<group>"; };
		4381A51E6D504EB9A578D080 /* RTCOpenGLVideoRenderer.h */ = {isa = PBXFileReference; explicitFileType = undefined; fileEncoding = 4; includeInIndex = 0; lastKnownFileType = sourcecode.c.h; name = RTCOpenGLVideoRenderer.h; path = "cordova-plugin-iosrtc/RTCOpenGLVideoRenderer.h"; sourceTree = "<group>"; };
		50C3AF9F552C4385861640C8 /* RTCVideoRenderer.h */ = {isa = PBXFileReference; explicitFileType = undefined; fileEncoding = 4; includeInIndex = 0; lastKnownFileType = sourcecode.c.h; name = RTCVideoRenderer.h; path = "cordova-plugin-iosrtc/RTCVideoRenderer.h"; sourceTree = "<group>"; };
		54487BA5E6BD4549AACCCF9E /* libsqlite3.0.dylib */ = {isa = PBXFileReference; explicitFileType = undefined; fileEncoding = 9; includeInIndex = 0; lastKnownFileType = "compiled.mach-o.dylib"; name = libsqlite3.0.dylib; path = usr/lib/libsqlite3.0.dylib; sourceTree = SDKROOT; };
		5E37700C9DF6402691714C40 /* RTCPeerConnection.h */ = {isa = PBXFileReference; explicitFileType = undefined; fileEncoding = 4; includeInIndex = 0; lastKnownFileType = sourcecode.c.h; name = RTCPeerConnection.h; path = "cordova-plugin-iosrtc/RTCPeerConnection.h"; sourceTree = "<group>"; };
		5EB3EFB2295143BA89B23A71 /* RTCDataChannel.h */ = {isa = PBXFileReference; explicitFileType = undefined; fileEncoding = 4; includeInIndex = 0; lastKnownFileType = sourcecode.c.h; name = RTCDataChannel.h; path = "cordova-plugin-iosrtc/RTCDataChannel.h"; sourceTree = "<group>"; };
		604A292928094670BFC708E7 /* RTCI420Frame.h */ = {isa = PBXFileReference; explicitFileType = undefined; fileEncoding = 4; includeInIndex = 0; lastKnownFileType = sourcecode.c.h; name = RTCI420Frame.h; path = "cordova-plugin-iosrtc/RTCI420Frame.h"; sourceTree = "<group>"; };
		63E31C1C897F417DA8AF330B /* RTCPeerConnectionDelegate.h */ = {isa = PBXFileReference; explicitFileType = undefined; fileEncoding = 4; includeInIndex = 0; lastKnownFileType = sourcecode.c.h; name = RTCPeerConnectionDelegate.h; path = "cordova-plugin-iosrtc/RTCPeerConnectionDelegate.h"; sourceTree = "<group>"; };
		66D0DA953DF14CBC9F1337B5 /* PluginMediaStreamTrack.swift */ = {isa = PBXFileReference; explicitFileType = undefined; fileEncoding = 4; includeInIndex = 0; lastKnownFileType = sourcecode.swift; name = PluginMediaStreamTrack.swift; path = "cordova-plugin-iosrtc/PluginMediaStreamTrack.swift"; sourceTree = "<group>"; };
		6AFF5BF81D6E424B00AB3073 /* CDVLaunchScreen.storyboard */ = {isa = PBXFileReference; fileEncoding = 4; lastKnownFileType = file.storyboard; name = CDVLaunchScreen.storyboard; path = "QB Video Chat/CDVLaunchScreen.storyboard"; sourceTree = SOURCE_ROOT; };
		776D856FFA9D47569867A168 /* RTCICEServer.h */ = {isa = PBXFileReference; explicitFileType = undefined; fileEncoding = 4; includeInIndex = 0; lastKnownFileType = sourcecode.c.h; name = RTCICEServer.h; path = "cordova-plugin-iosrtc/RTCICEServer.h"; sourceTree = "<group>"; };
		79B18A4948114C699D9A7AE6 /* cordova-plugin-iosrtc-Bridging-Header.h */ = {isa = PBXFileReference; explicitFileType = undefined; fileEncoding = 4; includeInIndex = 0; lastKnownFileType = sourcecode.c.h; name = "cordova-plugin-iosrtc-Bridging-Header.h"; path = "cordova-plugin-iosrtc/cordova-plugin-iosrtc-Bridging-Header.h"; sourceTree = "<group>"; };
		7C3D2BC8969E4C498B27BB88 /* libstdc++.dylib */ = {isa = PBXFileReference; explicitFileType = undefined; fileEncoding = 9; includeInIndex = 0; lastKnownFileType = "compiled.mach-o.dylib"; name = "libstdc++.dylib"; path = "usr/lib/libstdc++.dylib"; sourceTree = SDKROOT; };
		7D2F1A657B6F4C328EE3E5C2 /* RTCPeerConnectionFactory.h */ = {isa = PBXFileReference; explicitFileType = undefined; fileEncoding = 4; includeInIndex = 0; lastKnownFileType = sourcecode.c.h; name = RTCPeerConnectionFactory.h; path = "cordova-plugin-iosrtc/RTCPeerConnectionFactory.h"; sourceTree = "<group>"; };
		7DCE62ABFB1C44E39743E9A7 /* CoreMedia.framework */ = {isa = PBXFileReference; explicitFileType = undefined; fileEncoding = 9; includeInIndex = 0; lastKnownFileType = wrapper.framework; name = CoreMedia.framework; path = System/Library/Frameworks/CoreMedia.framework; sourceTree = SDKROOT; };
		7F194840006341139537FF70 /* PluginRTCDataChannel.swift */ = {isa = PBXFileReference; explicitFileType = undefined; fileEncoding = 4; includeInIndex = 0; lastKnownFileType = sourcecode.swift; name = PluginRTCDataChannel.swift; path = "cordova-plugin-iosrtc/PluginRTCDataChannel.swift"; sourceTree = "<group>"; };
		7F96E7BAC2E04DAEB24AE00B /* RTCEAGLVideoView.h */ = {isa = PBXFileReference; explicitFileType = undefined; fileEncoding = 4; includeInIndex = 0; lastKnownFileType = sourcecode.c.h; name = RTCEAGLVideoView.h; path = "cordova-plugin-iosrtc/RTCEAGLVideoView.h"; sourceTree = "<group>"; };
		84410E15ABE144899904D08B /* PluginRTCPeerConnection.swift */ = {isa = PBXFileReference; explicitFileType = undefined; fileEncoding = 4; includeInIndex = 0; lastKnownFileType = sourcecode.swift; name = PluginRTCPeerConnection.swift; path = "cordova-plugin-iosrtc/PluginRTCPeerConnection.swift"; sourceTree = "<group>"; };
		860B7113D9104C08BB4C871F /* PluginMediaStreamRenderer.swift */ = {isa = PBXFileReference; explicitFileType = undefined; fileEncoding = 4; includeInIndex = 0; lastKnownFileType = sourcecode.swift; name = PluginMediaStreamRenderer.swift; path = "cordova-plugin-iosrtc/PluginMediaStreamRenderer.swift"; sourceTree = "<group>"; };
		8654B1EA988D4ECBB9174F80 /* CDVDevice.m */ = {isa = PBXFileReference; explicitFileType = undefined; fileEncoding = 4; includeInIndex = 0; lastKnownFileType = sourcecode.c.objc; name = CDVDevice.m; path = "cordova-plugin-device/CDVDevice.m"; sourceTree = "<group>"; };
		86A2D3ED58C44EED9887987B /* CDVLogger.h */ = {isa = PBXFileReference; explicitFileType = undefined; fileEncoding = 4; includeInIndex = 0; lastKnownFileType = sourcecode.c.h; name = CDVLogger.h; path = "cordova-plugin-console/CDVLogger.h"; sourceTree = "<group>"; };
		87CD56EF470C4977BD05168F /* PluginRTCPeerConnectionConstraints.swift */ = {isa = PBXFileReference; explicitFileType = undefined; fileEncoding = 4; includeInIndex = 0; lastKnownFileType = sourcecode.swift; name = PluginRTCPeerConnectionConstraints.swift; path = "cordova-plugin-iosrtc/PluginRTCPeerConnectionConstraints.swift"; sourceTree = "<group>"; };
		886231EE06564B1EA91AF381 /* PluginMediaStream.swift */ = {isa = PBXFileReference; explicitFileType = undefined; fileEncoding = 4; includeInIndex = 0; lastKnownFileType = sourcecode.swift; name = PluginMediaStream.swift; path = "cordova-plugin-iosrtc/PluginMediaStream.swift"; sourceTree = "<group>"; };
		8D1107310486CEB800E47090 /* QB Video Chat-Info.plist */ = {isa = PBXFileReference; fileEncoding = 4; lastKnownFileType = text.plist.xml; name = "QB Video Chat-Info.plist"; path = "QB Video Chat/QB Video Chat-Info.plist"; plistStructureDefinitionIdentifier = "com.apple.xcode.plist.structure-definition.iphone.info-plist"; sourceTree = SOURCE_ROOT; };
		982DD03C79E343F1A5B16695 /* CoreAudio.framework */ = {isa = PBXFileReference; explicitFileType = undefined; fileEncoding = 9; includeInIndex = 0; lastKnownFileType = wrapper.framework; name = CoreAudio.framework; path = System/Library/Frameworks/CoreAudio.framework; sourceTree = SDKROOT; };
		9D19C551274A4BC499C34C29 /* GLKit.framework */ = {isa = PBXFileReference; explicitFileType = undefined; fileEncoding = 9; includeInIndex = 0; lastKnownFileType = wrapper.framework; name = GLKit.framework; path = System/Library/Frameworks/GLKit.framework; sourceTree = SDKROOT; };
		B0BD92E0B5AB43C2B4A23AFB /* PluginGetUserMedia.swift */ = {isa = PBXFileReference; explicitFileType = undefined; fileEncoding = 4; includeInIndex = 0; lastKnownFileType = sourcecode.swift; name = PluginGetUserMedia.swift; path = "cordova-plugin-iosrtc/PluginGetUserMedia.swift"; sourceTree = "<group>"; };
		B49B7918435544A99575AAAC /* RTCPeerConnectionInterface.h */ = {isa = PBXFileReference; explicitFileType = undefined; fileEncoding = 4; includeInIndex = 0; lastKnownFileType = sourcecode.c.h; name = RTCPeerConnectionInterface.h; path = "cordova-plugin-iosrtc/RTCPeerConnectionInterface.h"; sourceTree = "<group>"; };
		B63319800F0347E7824799B3 /* iosrtcPlugin.swift */ = {isa = PBXFileReference; explicitFileType = undefined; fileEncoding = 4; includeInIndex = 0; lastKnownFileType = sourcecode.swift; name = iosrtcPlugin.swift; path = "cordova-plugin-iosrtc/iosrtcPlugin.swift"; sourceTree = "<group>"; };
		BD7079A5C2334C50A926AEB4 /* RTCMediaSource.h */ = {isa = PBXFileReference; explicitFileType = undefined; fileEncoding = 4; includeInIndex = 0; lastKnownFileType = sourcecode.c.h; name = RTCMediaSource.h; path = "cordova-plugin-iosrtc/RTCMediaSource.h"; sourceTree = "<group>"; };
		BDB96E4F892E48B48FA13686 /* CoreVideo.framework */ = {isa = PBXFileReference; explicitFileType = undefined; fileEncoding = 9; includeInIndex = 0; lastKnownFileType = wrapper.framework; name = CoreVideo.framework; path = System/Library/Frameworks/CoreVideo.framework; sourceTree = SDKROOT; };
		C0691FD9246F4A52A134683F /* RTCMediaStreamTrack.h */ = {isa = PBXFileReference; explicitFileType = undefined; fileEncoding = 4; includeInIndex = 0; lastKnownFileType = sourcecode.c.h; name = RTCMediaStreamTrack.h; path = "cordova-plugin-iosrtc/RTCMediaStreamTrack.h"; sourceTree = "<group>"; };
		C45301A641144FB99DA08151 /* RTCDTMFSender.h */ = {isa = PBXFileReference; explicitFileType = undefined; fileEncoding = 4; includeInIndex = 0; lastKnownFileType = sourcecode.c.h; name = RTCDTMFSender.h; path = "cordova-plugin-iosrtc/RTCDTMFSender.h"; sourceTree = "<group>"; };
		CC5B15E3C8F94371866AEB56 /* CDVDevice.h */ = {isa = PBXFileReference; explicitFileType = undefined; fileEncoding = 4; includeInIndex = 0; lastKnownFileType = sourcecode.c.h; name = CDVDevice.h; path = "cordova-plugin-device/CDVDevice.h"; sourceTree = "<group>"; };
		CF6F165DF2324C5A87AE3068 /* RTCMediaStream.h */ = {isa = PBXFileReference; explicitFileType = undefined; fileEncoding = 4; includeInIndex = 0; lastKnownFileType = sourcecode.c.h; name = RTCMediaStream.h; path = "cordova-plugin-iosrtc/RTCMediaStream.h"; sourceTree = "<group>"; };
		D01B08C806724890A7D075BB /* RTCAVFoundationVideoSource.h */ = {isa = PBXFileReference; explicitFileType = undefined; fileEncoding = 4; includeInIndex = 0; lastKnownFileType = sourcecode.c.h; name = RTCAVFoundationVideoSource.h; path = "cordova-plugin-iosrtc/RTCAVFoundationVideoSource.h"; sourceTree = "<group>"; };
		D7CC1309B349469393E253D0 /* PluginRTCTypes.swift */ = {isa = PBXFileReference; explicitFileType = undefined; fileEncoding = 4; includeInIndex = 0; lastKnownFileType = sourcecode.swift; name = PluginRTCTypes.swift; path = "cordova-plugin-iosrtc/PluginRTCTypes.swift"; sourceTree = "<group>"; };
		D7F5D7BDC29041D9931EDE62 /* PluginRTCPeerConnectionConfig.swift */ = {isa = PBXFileReference; explicitFileType = undefined; fileEncoding = 4; includeInIndex = 0; lastKnownFileType = sourcecode.swift; name = PluginRTCPeerConnectionConfig.swift; path = "cordova-plugin-iosrtc/PluginRTCPeerConnectionConfig.swift"; sourceTree = "<group>"; };
		DBDB3B3971834140805C9D57 /* AudioToolbox.framework */ = {isa = PBXFileReference; explicitFileType = undefined; fileEncoding = 9; includeInIndex = 0; lastKnownFileType = wrapper.framework; name = AudioToolbox.framework; path = System/Library/Frameworks/AudioToolbox.framework; sourceTree = SDKROOT; };
		DD8156684A694707826ECC20 /* AVFoundation.framework */ = {isa = PBXFileReference; explicitFileType = undefined; fileEncoding = 9; includeInIndex = 0; lastKnownFileType = wrapper.framework; name = AVFoundation.framework; path = System/Library/Frameworks/AVFoundation.framework; sourceTree = SDKROOT; };
		DEBE4EEB3A4C4BB096E002F5 /* RTCVideoSource.h */ = {isa = PBXFileReference; explicitFileType = undefined; fileEncoding = 4; includeInIndex = 0; lastKnownFileType = sourcecode.c.h; name = RTCVideoSource.h; path = "cordova-plugin-iosrtc/RTCVideoSource.h"; sourceTree = "<group>"; };
		E3691438512E4719854A7828 /* CDVLogger.m */ = {isa = PBXFileReference; explicitFileType = undefined; fileEncoding = 4; includeInIndex = 0; lastKnownFileType = sourcecode.c.objc; name = CDVLogger.m; path = "cordova-plugin-console/CDVLogger.m"; sourceTree = "<group>"; };
		E3E237C64AE54C94ADFC32DF /* RTCLogging.h */ = {isa = PBXFileReference; explicitFileType = undefined; fileEncoding = 4; includeInIndex = 0; lastKnownFileType = sourcecode.c.h; name = RTCLogging.h; path = "cordova-plugin-iosrtc/RTCLogging.h"; sourceTree = "<group>"; };
		E88BA49539E54DCF9C722FA1 /* RTCTypes.h */ = {isa = PBXFileReference; explicitFileType = undefined; fileEncoding = 4; includeInIndex = 0; lastKnownFileType = sourcecode.c.h; name = RTCTypes.h; path = "cordova-plugin-iosrtc/RTCTypes.h"; sourceTree = "<group>"; };
		EB87FDF31871DA8E0020F90C /* www */ = {isa = PBXFileReference; lastKnownFileType = folder; name = www; path = ../../www; sourceTree = "<group>"; };
		EB87FDF41871DAF40020F90C /* config.xml */ = {isa = PBXFileReference; lastKnownFileType = text.xml; name = config.xml; path = ../../config.xml; sourceTree = "<group>"; };
		ED33DF2A687741AEAF9F8254 /* Bridging-Header.h */ = {isa = PBXFileReference; fileEncoding = 4; lastKnownFileType = sourcecode.c.h; path = "Bridging-Header.h"; sourceTree = "<group>"; };
		ED7034B17DE74CDA8999C6AB /* RTCVideoCapturer.h */ = {isa = PBXFileReference; explicitFileType = undefined; fileEncoding = 4; includeInIndex = 0; lastKnownFileType = sourcecode.c.h; name = RTCVideoCapturer.h; path = "cordova-plugin-iosrtc/RTCVideoCapturer.h"; sourceTree = "<group>"; };
		F840E1F0165FE0F500CFE078 /* config.xml */ = {isa = PBXFileReference; lastKnownFileType = text.xml; name = config.xml; path = "QB Video Chat/config.xml"; sourceTree = "<group>"; };
		FDB6364AA15547178AFC0108 /* RTCAudioTrack.h */ = {isa = PBXFileReference; explicitFileType = undefined; fileEncoding = 4; includeInIndex = 0; lastKnownFileType = sourcecode.c.h; name = RTCAudioTrack.h; path = "cordova-plugin-iosrtc/RTCAudioTrack.h"; sourceTree = "<group>"; };
/* End PBXFileReference section */

/* Begin PBXFrameworksBuildPhase section */
		1D60588F0D05DD3D006BFB54 /* Frameworks */ = {
			isa = PBXFrameworksBuildPhase;
			buildActionMask = 2147483647;
			files = (
				301BF552109A68D80062928A /* libCordova.a in Frameworks */,
				6B34C4CFD7A84670900D0659 /* libWebRTC-LATEST-Universal-Release.a in Frameworks */,
				729DC82061DD42A8921A17D0 /* AVFoundation.framework in Frameworks */,
				0A441EF41646474A9DDFA02B /* CoreMedia.framework in Frameworks */,
				EB4E1B7DA7C94A1D84CBCF32 /* GLKit.framework in Frameworks */,
				1A2590E695674BEEB1631BB9 /* OpenGLES.framework in Frameworks */,
				D84F0AF0372D4B69B08AE70B /* CoreVideo.framework in Frameworks */,
				351331ED70AE40B0BDF643CF /* CoreAudio.framework in Frameworks */,
				188311F6E80C475289FB9F53 /* QuartzCore.framework in Frameworks */,
				8E1C5816E6DD40F4A499494C /* CoreLocation.framework in Frameworks */,
				B538A9D8DD924A24AD2EA1B5 /* AudioToolbox.framework in Frameworks */,
				689598B0220343279A168817 /* libc++.dylib in Frameworks */,
				1ABB75B0BCB54A26BA3193FD /* libstdc++.dylib in Frameworks */,
				23F4ECC2EA034B23B1B81608 /* libsqlite3.0.dylib in Frameworks */,
				F41312428CEB4A6A8CF58A9B /* VideoToolbox.framework in Frameworks */,
			);
			runOnlyForDeploymentPostprocessing = 0;
		};
/* End PBXFrameworksBuildPhase section */

/* Begin PBXGroup section */
		080E96DDFE201D6D7F000001 /* Classes */ = {
			isa = PBXGroup;
			children = (
				302D95EE14D2391D003F00A1 /* MainViewController.h */,
				302D95EF14D2391D003F00A1 /* MainViewController.m */,
				302D95F014D2391D003F00A1 /* MainViewController.xib */,
				1D3623240D0F684500981E51 /* AppDelegate.h */,
				1D3623250D0F684500981E51 /* AppDelegate.m */,
			);
			name = Classes;
			path = "QB Video Chat/Classes";
			sourceTree = SOURCE_ROOT;
		};
		19C28FACFE9D520D11CA2CBB /* Products */ = {
			isa = PBXGroup;
			children = (
				1D6058910D05DD3D006BFB54 /* QB Video Chat.app */,
			);
			name = Products;
			sourceTree = "<group>";
		};
		29B97314FDCFA39411CA2CEA /* CustomTemplate */ = {
			isa = PBXGroup;
			children = (
				EB87FDF41871DAF40020F90C /* config.xml */,
				EB87FDF31871DA8E0020F90C /* www */,
				EB87FDF11871DA420020F90C /* Staging */,
				301BF52D109A57CC0062928A /* CordovaLib.xcodeproj */,
				080E96DDFE201D6D7F000001 /* Classes */,
				307C750510C5A3420062BCA9 /* Plugins */,
				29B97315FDCFA39411CA2CEA /* Other Sources */,
				29B97317FDCFA39411CA2CEA /* Resources */,
				29B97323FDCFA39411CA2CEA /* Frameworks */,
				19C28FACFE9D520D11CA2CBB /* Products */,
			);
			name = CustomTemplate;
			sourceTree = "<group>";
		};
		29B97315FDCFA39411CA2CEA /* Other Sources */ = {
			isa = PBXGroup;
			children = (
				32CA4F630368D1EE00C91783 /* QB Video Chat-Prefix.pch */,
				29B97316FDCFA39411CA2CEA /* main.m */,
				ED33DF2A687741AEAF9F8254 /* Bridging-Header.h */,
			);
			name = "Other Sources";
			path = "QB Video Chat";
			sourceTree = "<group>";
		};
		29B97317FDCFA39411CA2CEA /* Resources */ = {
			isa = PBXGroup;
			children = (
				0207DA571B56EA530066E2B4 /* Images.xcassets */,
				3047A50E1AB8057F00498E2A /* config */,
				8D1107310486CEB800E47090 /* QB Video Chat-Info.plist */,
				6AFF5BF81D6E424B00AB3073 /* CDVLaunchScreen.storyboard */,
			);
			name = Resources;
			path = "QB Video Chat/Resources";
			sourceTree = "<group>";
		};
		29B97323FDCFA39411CA2CEA /* Frameworks */ = {
			isa = PBXGroup;
			children = (
				0CFAE76502DE4267B6C6E747 /* libWebRTC-LATEST-Universal-Release.a */,
				DD8156684A694707826ECC20 /* AVFoundation.framework */,
				7DCE62ABFB1C44E39743E9A7 /* CoreMedia.framework */,
				9D19C551274A4BC499C34C29 /* GLKit.framework */,
				3B25C1723F7B4011A811D2EB /* OpenGLES.framework */,
				BDB96E4F892E48B48FA13686 /* CoreVideo.framework */,
				982DD03C79E343F1A5B16695 /* CoreAudio.framework */,
				2605104D47E64C909639D120 /* QuartzCore.framework */,
				29FAD79B93124D27897D181B /* CoreLocation.framework */,
				DBDB3B3971834140805C9D57 /* AudioToolbox.framework */,
				21AE59F84B2E414EBE248679 /* libc++.dylib */,
				7C3D2BC8969E4C498B27BB88 /* libstdc++.dylib */,
				54487BA5E6BD4549AACCCF9E /* libsqlite3.0.dylib */,
				1D2ED777862445ECB7AB5709 /* VideoToolbox.framework */,
			);
			name = Frameworks;
			sourceTree = "<group>";
		};
		301BF52E109A57CC0062928A /* Products */ = {
			isa = PBXGroup;
			children = (
				301BF535109A57CC0062928A /* libCordova.a */,
			);
			name = Products;
			sourceTree = "<group>";
		};
		3047A50E1AB8057F00498E2A /* config */ = {
			isa = PBXGroup;
			children = (
				3047A50F1AB8059700498E2A /* build-debug.xcconfig */,
				3047A5101AB8059700498E2A /* build-release.xcconfig */,
				3047A5111AB8059700498E2A /* build.xcconfig */,
			);
			name = config;
			sourceTree = "<group>";
		};
		307C750510C5A3420062BCA9 /* Plugins */ = {
			isa = PBXGroup;
			children = (
				E3691438512E4719854A7828 /* CDVLogger.m */,
				86A2D3ED58C44EED9887987B /* CDVLogger.h */,
				8654B1EA988D4ECBB9174F80 /* CDVDevice.m */,
				CC5B15E3C8F94371866AEB56 /* CDVDevice.h */,
				B63319800F0347E7824799B3 /* iosrtcPlugin.swift */,
				D7CC1309B349469393E253D0 /* PluginRTCTypes.swift */,
				84410E15ABE144899904D08B /* PluginRTCPeerConnection.swift */,
				D7F5D7BDC29041D9931EDE62 /* PluginRTCPeerConnectionConfig.swift */,
				87CD56EF470C4977BD05168F /* PluginRTCPeerConnectionConstraints.swift */,
				7F194840006341139537FF70 /* PluginRTCDataChannel.swift */,
				1583BF91DFF84A679CF603B0 /* PluginRTCDTMFSender.swift */,
				886231EE06564B1EA91AF381 /* PluginMediaStream.swift */,
				66D0DA953DF14CBC9F1337B5 /* PluginMediaStreamTrack.swift */,
				B0BD92E0B5AB43C2B4A23AFB /* PluginGetUserMedia.swift */,
				3C46929C1AAD4C49820CFD27 /* PluginEnumerateDevices.swift */,
				36396F982E184B4D989D15DE /* PluginUtils.swift */,
				860B7113D9104C08BB4C871F /* PluginMediaStreamRenderer.swift */,
				D01B08C806724890A7D075BB /* RTCAVFoundationVideoSource.h */,
				1D1F134282B24BB78FD9B48B /* RTCAudioSource.h */,
				FDB6364AA15547178AFC0108 /* RTCAudioTrack.h */,
				5EB3EFB2295143BA89B23A71 /* RTCDataChannel.h */,
				C45301A641144FB99DA08151 /* RTCDTMFSender.h */,
				7F96E7BAC2E04DAEB24AE00B /* RTCEAGLVideoView.h */,
				4034E4B737354C4DBB6CB53E /* RTCFileLogger.h */,
				604A292928094670BFC708E7 /* RTCI420Frame.h */,
				2A5390C64C544E4E84DADD1C /* RTCICECandidate.h */,
				776D856FFA9D47569867A168 /* RTCICEServer.h */,
				E3E237C64AE54C94ADFC32DF /* RTCLogging.h */,
				02951B9C672442719A2E308C /* RTCMediaConstraints.h */,
				BD7079A5C2334C50A926AEB4 /* RTCMediaSource.h */,
				CF6F165DF2324C5A87AE3068 /* RTCMediaStream.h */,
				C0691FD9246F4A52A134683F /* RTCMediaStreamTrack.h */,
				1FF7125102194CE496354280 /* RTCNSGLVideoView.h */,
				4381A51E6D504EB9A578D080 /* RTCOpenGLVideoRenderer.h */,
				419206C80A8A41D58D81B504 /* RTCPair.h */,
				5E37700C9DF6402691714C40 /* RTCPeerConnection.h */,
				63E31C1C897F417DA8AF330B /* RTCPeerConnectionDelegate.h */,
				7D2F1A657B6F4C328EE3E5C2 /* RTCPeerConnectionFactory.h */,
				B49B7918435544A99575AAAC /* RTCPeerConnectionInterface.h */,
				065F1F4B870F4CE78F016B4A /* RTCSessionDescription.h */,
				0F3BDAD742564C27860D9883 /* RTCSessionDescriptionDelegate.h */,
				318889B87D6447FCBF1A1E87 /* RTCStatsDelegate.h */,
				432FD3C61AD9432DA760FC62 /* RTCStatsReport.h */,
				E88BA49539E54DCF9C722FA1 /* RTCTypes.h */,
				ED7034B17DE74CDA8999C6AB /* RTCVideoCapturer.h */,
				50C3AF9F552C4385861640C8 /* RTCVideoRenderer.h */,
				DEBE4EEB3A4C4BB096E002F5 /* RTCVideoSource.h */,
				061EF7E6B6C040B38510ACFE /* RTCVideoTrack.h */,
				79B18A4948114C699D9A7AE6 /* cordova-plugin-iosrtc-Bridging-Header.h */,
			);
			name = Plugins;
			path = "QB Video Chat/Plugins";
			sourceTree = SOURCE_ROOT;
		};
		EB87FDF11871DA420020F90C /* Staging */ = {
			isa = PBXGroup;
			children = (
				F840E1F0165FE0F500CFE078 /* config.xml */,
				301BF56E109A69640062928A /* www */,
			);
			name = Staging;
			sourceTree = "<group>";
		};
/* End PBXGroup section */

/* Begin PBXNativeTarget section */
		1D6058900D05DD3D006BFB54 /* QB Video Chat */ = {
			isa = PBXNativeTarget;
			buildConfigurationList = 1D6058960D05DD3E006BFB54 /* Build configuration list for PBXNativeTarget "QB Video Chat" */;
			buildPhases = (
				304B58A110DAC018002A0835 /* Copy www directory */,
				1D60588D0D05DD3D006BFB54 /* Resources */,
				1D60588E0D05DD3D006BFB54 /* Sources */,
				1D60588F0D05DD3D006BFB54 /* Frameworks */,
			);
			buildRules = (
			);
			dependencies = (
				301BF551109A68C00062928A /* PBXTargetDependency */,
			);
			name = "QB Video Chat";
			productName = "QB Video Chat";
			productReference = 1D6058910D05DD3D006BFB54 /* QB Video Chat.app */;
			productType = "com.apple.product-type.application";
		};
/* End PBXNativeTarget section */

/* Begin PBXProject section */
		29B97313FDCFA39411CA2CEA /* Project object */ = {
			isa = PBXProject;
			attributes = {
				LastUpgradeCheck = 510;
				TargetAttributes = {
					1D6058900D05DD3D006BFB54 = {
						DevelopmentTeam = 8885H5G2YX;
					};
				};
			};
			buildConfigurationList = C01FCF4E08A954540054247B /* Build configuration list for PBXProject "QB Video Chat" */;
			compatibilityVersion = "Xcode 3.2";
			developmentRegion = English;
			hasScannedForEncodings = 1;
			knownRegions = (
				en,
			);
			mainGroup = 29B97314FDCFA39411CA2CEA /* CustomTemplate */;
			projectDirPath = "";
			projectReferences = (
				{
					ProductGroup = 301BF52E109A57CC0062928A /* Products */;
					ProjectRef = 301BF52D109A57CC0062928A /* CordovaLib.xcodeproj */;
				},
			);
			projectRoot = "";
			targets = (
				1D6058900D05DD3D006BFB54 /* QB Video Chat */,
			);
		};
/* End PBXProject section */

/* Begin PBXReferenceProxy section */
		301BF535109A57CC0062928A /* libCordova.a */ = {
			isa = PBXReferenceProxy;
			fileType = archive.ar;
			path = libCordova.a;
			remoteRef = 301BF534109A57CC0062928A /* PBXContainerItemProxy */;
			sourceTree = BUILT_PRODUCTS_DIR;
		};
/* End PBXReferenceProxy section */

/* Begin PBXResourcesBuildPhase section */
		1D60588D0D05DD3D006BFB54 /* Resources */ = {
			isa = PBXResourcesBuildPhase;
			buildActionMask = 2147483647;
			files = (
				302D95F214D2391D003F00A1 /* MainViewController.xib in Resources */,
				0207DA581B56EA530066E2B4 /* Images.xcassets in Resources */,
				6AFF5BF91D6E424B00AB3073 /* CDVLaunchScreen.storyboard in Resources */,
			);
			runOnlyForDeploymentPostprocessing = 0;
		};
/* End PBXResourcesBuildPhase section */

/* Begin PBXShellScriptBuildPhase section */
		304B58A110DAC018002A0835 /* Copy www directory */ = {
			isa = PBXShellScriptBuildPhase;
			buildActionMask = 2147483647;
			files = (
			);
			inputPaths = (
			);
			name = "Copy www directory";
			outputPaths = (
			);
			runOnlyForDeploymentPostprocessing = 0;
			shellPath = /bin/sh;
			shellScript = "NODEJS_PATH=/usr/local/bin; NVM_NODE_PATH=~/.nvm/versions/node/`nvm version 2>/dev/null`/bin; N_NODE_PATH=`find /usr/local/n/versions/node/* -maxdepth 0 -type d 2>/dev/null | tail -1`/bin; XCODE_NODE_PATH=`xcode-select --print-path`/usr/share/xcs/Node/bin; PATH=$NODEJS_PATH:$NVM_NODE_PATH:$N_NODE_PATH:$XCODE_NODE_PATH:$PATH && node cordova/lib/copy-www-build-step.js";
			showEnvVarsInLog = 0;
		};
/* End PBXShellScriptBuildPhase section */

/* Begin PBXSourcesBuildPhase section */
		1D60588E0D05DD3D006BFB54 /* Sources */ = {
			isa = PBXSourcesBuildPhase;
			buildActionMask = 2147483647;
			files = (
				1D60589B0D05DD56006BFB54 /* main.m in Sources */,
				1D3623260D0F684500981E51 /* AppDelegate.m in Sources */,
				302D95F114D2391D003F00A1 /* MainViewController.m in Sources */,
				11DA63F1AC644921B6D83A1E /* CDVLogger.m in Sources */,
				3CAE1B42CF0E4970AA1A536A /* CDVDevice.m in Sources */,
				1CB8B61DDDF44DE08FF497F0 /* iosrtcPlugin.swift in Sources */,
				AA19BE82AC864C909BE010FE /* PluginRTCTypes.swift in Sources */,
				72B02677E29340FA91EC7F50 /* PluginRTCPeerConnection.swift in Sources */,
				EB0C6AA053F84C8593329F4D /* PluginRTCPeerConnectionConfig.swift in Sources */,
				2AD44318FF2844D3BEAD4830 /* PluginRTCPeerConnectionConstraints.swift in Sources */,
				86CB7B2A92D64E9AA5A352A3 /* PluginRTCDataChannel.swift in Sources */,
				9520727F618E4219A78AEB18 /* PluginRTCDTMFSender.swift in Sources */,
				8AF29B0FB34B478FA4EA52E6 /* PluginMediaStream.swift in Sources */,
				525C3655374342A293FFDD17 /* PluginMediaStreamTrack.swift in Sources */,
				16A830DFCC6249AC9685178A /* PluginGetUserMedia.swift in Sources */,
				201958A0F3B845EF95662DBB /* PluginEnumerateDevices.swift in Sources */,
				D14D40150A93491AA4123B0A /* PluginUtils.swift in Sources */,
				3182B0D99E8E4496AC5C6175 /* PluginMediaStreamRenderer.swift in Sources */,
			);
			runOnlyForDeploymentPostprocessing = 0;
		};
/* End PBXSourcesBuildPhase section */

/* Begin PBXTargetDependency section */
		301BF551109A68C00062928A /* PBXTargetDependency */ = {
			isa = PBXTargetDependency;
			name = CordovaLib;
			targetProxy = 301BF550109A68C00062928A /* PBXContainerItemProxy */;
		};
/* End PBXTargetDependency section */

/* Begin XCBuildConfiguration section */
		1D6058940D05DD3E006BFB54 /* Debug */ = {
			isa = XCBuildConfiguration;
			baseConfigurationReference = 3047A50F1AB8059700498E2A /* build-debug.xcconfig */;
			buildSettings = {
				ALWAYS_SEARCH_USER_PATHS = NO;
				ASSETCATALOG_COMPILER_APPICON_NAME = AppIcon;
				ASSETCATALOG_COMPILER_LAUNCHIMAGE_NAME = LaunchImage;
				CLANG_ENABLE_MODULES = YES;
				CLANG_ENABLE_OBJC_ARC = YES;
				COPY_PHASE_STRIP = NO;
				DEVELOPMENT_TEAM = 8885H5G2YX;
				ENABLE_BITCODE = NO;
				GCC_DYNAMIC_NO_PIC = NO;
				GCC_OPTIMIZATION_LEVEL = 0;
				GCC_PRECOMPILE_PREFIX_HEADER = YES;
				GCC_PREFIX_HEADER = "QB Video Chat/QB Video Chat-Prefix.pch";
				GCC_THUMB_SUPPORT = NO;
				GCC_VERSION = "";
				INFOPLIST_FILE = "QB Video Chat/QB Video Chat-Info.plist";
				IPHONEOS_DEPLOYMENT_TARGET = 9.0;
				LD_RUNPATH_SEARCH_PATHS = "@executable_path/Frameworks";
				LIBRARY_SEARCH_PATHS = (
					"$(inherited)",
					"\"$(SRCROOT)/QB Video Chat/Plugins/cordova-plugin-iosrtc\"",
				);
				PRODUCT_NAME = "QB Video Chat";
				SWIFT_OBJC_BRIDGING_HEADER = "QB Video Chat/Plugins/cordova-plugin-iosrtc/cordova-plugin-iosrtc-Bridging-Header.h";
				SWIFT_VERSION = 2.3;
			};
			name = Debug;
		};
		1D6058950D05DD3E006BFB54 /* Release */ = {
			isa = XCBuildConfiguration;
			baseConfigurationReference = 3047A5101AB8059700498E2A /* build-release.xcconfig */;
			buildSettings = {
				ALWAYS_SEARCH_USER_PATHS = NO;
				ASSETCATALOG_COMPILER_APPICON_NAME = AppIcon;
				ASSETCATALOG_COMPILER_LAUNCHIMAGE_NAME = LaunchImage;
				CLANG_ENABLE_MODULES = YES;
				CLANG_ENABLE_OBJC_ARC = YES;
				COPY_PHASE_STRIP = YES;
				DEVELOPMENT_TEAM = 8885H5G2YX;
				ENABLE_BITCODE = NO;
				GCC_PRECOMPILE_PREFIX_HEADER = YES;
				GCC_PREFIX_HEADER = "QB Video Chat/QB Video Chat-Prefix.pch";
				GCC_THUMB_SUPPORT = NO;
				GCC_VERSION = "";
				INFOPLIST_FILE = "QB Video Chat/QB Video Chat-Info.plist";
				IPHONEOS_DEPLOYMENT_TARGET = 9.0;
				LD_RUNPATH_SEARCH_PATHS = "@executable_path/Frameworks";
				LIBRARY_SEARCH_PATHS = (
					"$(inherited)",
					"\"$(SRCROOT)/QB Video Chat/Plugins/cordova-plugin-iosrtc\"",
				);
				PRODUCT_NAME = "QB Video Chat";
				SWIFT_OBJC_BRIDGING_HEADER = "QB Video Chat/Plugins/cordova-plugin-iosrtc/cordova-plugin-iosrtc-Bridging-Header.h";
				SWIFT_VERSION = 2.3;
			};
			name = Release;
		};
		C01FCF4F08A954540054247B /* Debug */ = {
			isa = XCBuildConfiguration;
			baseConfigurationReference = 3047A5111AB8059700498E2A /* build.xcconfig */;
			buildSettings = {
				CLANG_ENABLE_MODULES = YES;
				CLANG_ENABLE_OBJC_ARC = YES;
				CLANG_WARN_BOOL_CONVERSION = YES;
				CLANG_WARN_CONSTANT_CONVERSION = YES;
				CLANG_WARN_EMPTY_BODY = YES;
				CLANG_WARN_ENUM_CONVERSION = YES;
				CLANG_WARN_INT_CONVERSION = YES;
				CLANG_WARN__DUPLICATE_METHOD_MATCH = YES;
				ENABLE_BITCODE = NO;
				GCC_C_LANGUAGE_STANDARD = c99;
				GCC_THUMB_SUPPORT = NO;
				GCC_VERSION = "";
				GCC_WARN_ABOUT_RETURN_TYPE = YES;
				GCC_WARN_UNDECLARED_SELECTOR = YES;
				GCC_WARN_UNINITIALIZED_AUTOS = YES;
				GCC_WARN_UNUSED_FUNCTION = YES;
				GCC_WARN_UNUSED_VARIABLE = YES;
				IPHONEOS_DEPLOYMENT_TARGET = 9.0;
				LD_RUNPATH_SEARCH_PATHS = "@executable_path/Frameworks";
				ONLY_ACTIVE_ARCH = YES;
				SDKROOT = iphoneos;
				SKIP_INSTALL = NO;
				SWIFT_OBJC_BRIDGING_HEADER = "QB Video Chat/Plugins/cordova-plugin-iosrtc/cordova-plugin-iosrtc-Bridging-Header.h";
				SWIFT_VERSION = 2.3;
			};
			name = Debug;
		};
		C01FCF5008A954540054247B /* Release */ = {
			isa = XCBuildConfiguration;
			baseConfigurationReference = 3047A5111AB8059700498E2A /* build.xcconfig */;
			buildSettings = {
				CLANG_ENABLE_MODULES = YES;
				CLANG_ENABLE_OBJC_ARC = YES;
				CLANG_WARN_BOOL_CONVERSION = YES;
				CLANG_WARN_CONSTANT_CONVERSION = YES;
				CLANG_WARN_EMPTY_BODY = YES;
				CLANG_WARN_ENUM_CONVERSION = YES;
				CLANG_WARN_INT_CONVERSION = YES;
				CLANG_WARN__DUPLICATE_METHOD_MATCH = YES;
				ENABLE_BITCODE = NO;
				GCC_C_LANGUAGE_STANDARD = c99;
				GCC_THUMB_SUPPORT = NO;
				GCC_VERSION = "";
				GCC_WARN_ABOUT_RETURN_TYPE = YES;
				GCC_WARN_UNDECLARED_SELECTOR = YES;
				GCC_WARN_UNINITIALIZED_AUTOS = YES;
				GCC_WARN_UNUSED_FUNCTION = YES;
				GCC_WARN_UNUSED_VARIABLE = YES;
				IPHONEOS_DEPLOYMENT_TARGET = 9.0;
				LD_RUNPATH_SEARCH_PATHS = "@executable_path/Frameworks";
				SDKROOT = iphoneos;
				SKIP_INSTALL = NO;
				SWIFT_OBJC_BRIDGING_HEADER = "QB Video Chat/Plugins/cordova-plugin-iosrtc/cordova-plugin-iosrtc-Bridging-Header.h";
				SWIFT_VERSION = 2.3;
			};
			name = Release;
		};
/* End XCBuildConfiguration section */

/* Begin XCConfigurationList section */
		1D6058960D05DD3E006BFB54 /* Build configuration list for PBXNativeTarget "QB Video Chat" */ = {
			isa = XCConfigurationList;
			buildConfigurations = (
				1D6058940D05DD3E006BFB54 /* Debug */,
				1D6058950D05DD3E006BFB54 /* Release */,
			);
			defaultConfigurationIsVisible = 0;
			defaultConfigurationName = Release;
		};
		C01FCF4E08A954540054247B /* Build configuration list for PBXProject "QB Video Chat" */ = {
			isa = XCConfigurationList;
			buildConfigurations = (
				C01FCF4F08A954540054247B /* Debug */,
				C01FCF5008A954540054247B /* Release */,
			);
			defaultConfigurationIsVisible = 0;
			defaultConfigurationName = Release;
		};
/* End XCConfigurationList section */
	};
	rootObject = 29B97313FDCFA39411CA2CEA /* Project object */;
}
